
Microsoft Visual Studio Solution File, Format Version 12.00
# Visual Studio Version 17
VisualStudioVersion = 17.7.34031.279
MinimumVisualStudioVersion = 10.0.40219.1
Project("{FAE04EC0-301F-11D3-BF4B-00C04F79EFBC}") = "LAB_7", "LAB_7\LAB_7.csproj", "{D52B3067-B0DA-477E-B609-A69B9FFF03BD}"
EndProject
Global
	GlobalSection(SolutionConfigurationPlatforms) = preSolution
		Debug|Any CPU = Debug|Any CPU
		Release|Any CPU = Release|Any CPU
	EndGlobalSection
	GlobalSection(ProjectConfigurationPlatforms) = postSolution
		{D52B3067-B0DA-477E-B609-A69B9FFF03BD}.Debug|Any CPU.ActiveCfg = Debug|Any CPU
		{D52B3067-B0DA-477E-B609-A69B9FFF03BD}.Debug|Any CPU.Build.0 = Debug|Any CPU
		{D52B3067-B0DA-477E-B609-A69B9FFF03BD}.Release|Any CPU.ActiveCfg = Release|Any CPU
		{D52B3067-B0DA-477E-B609-A69B9FFF03BD}.Release|Any CPU.Build.0 = Release|Any CPU
	EndGlobalSection
	GlobalSection(SolutionProperties) = preSolution
		HideSolutionNode = FALSE
	EndGlobalSection
	GlobalSection(ExtensibilityGlobals) = postSolution
		SolutionGuid = {5B6C1538-92F8-41C5-AF32-0F8E0B35DD35}
	EndGlobalSection
EndGlobal
